
Microsoft Visual Studio Solution File, Format Version 12.00
# Visual Studio Version 17
VisualStudioVersion = 17.3.32819.101
MinimumVisualStudioVersion = 10.0.40219.1
Project("{FAE04EC0-301F-11D3-BF4B-00C04F79EFBC}") = "CoBan_CheckBox_RadioButton", "CoBan_CheckBox_RadioButton\CoBan_CheckBox_RadioButton.csproj", "{185C4FBF-859E-433F-9D00-99416E00221F}"
EndProject
Global
	GlobalSection(SolutionConfigurationPlatforms) = preSolution
		Debug|Any CPU = Debug|Any CPU
		Release|Any CPU = Release|Any CPU
	EndGlobalSection
	GlobalSection(ProjectConfigurationPlatforms) = postSolution
		{185C4FBF-859E-433F-9D00-99416E00221F}.Debug|Any CPU.ActiveCfg = Debug|Any CPU
		{185C4FBF-859E-433F-9D00-99416E00221F}.Debug|Any CPU.Build.0 = Debug|Any CPU
		{185C4FBF-859E-433F-9D00-99416E00221F}.Release|Any CPU.ActiveCfg = Release|Any CPU
		{185C4FBF-859E-433F-9D00-99416E00221F}.Release|Any CPU.Build.0 = Release|Any CPU
	EndGlobalSection
	GlobalSection(SolutionProperties) = preSolution
		HideSolutionNode = FALSE
	EndGlobalSection
	GlobalSection(ExtensibilityGlobals) = postSolution
		SolutionGuid = {C0C26B97-BDE8-41B6-B4E0-EF954F949F63}
	EndGlobalSection
EndGlobal
